
Microsoft Visual Studio Solution File, Format Version 12.00
# Visual Studio Version 17
VisualStudioVersion = 17.13.35913.81 d17.13
MinimumVisualStudioVersion = 10.0.40219.1
Project("{FAE04EC0-301F-11D3-BF4B-00C04F79EFBC}") = "Ejercicio12025", "Ejercicio12025\Ejercicio12025.csproj", "{802EF8B2-24CB-41A8-B642-8C1F78EBB22E}"
EndProject
Global
	GlobalSection(SolutionConfigurationPlatforms) = preSolution
		Debug|Any CPU = Debug|Any CPU
		Release|Any CPU = Release|Any CPU
	EndGlobalSection
	GlobalSection(ProjectConfigurationPlatforms) = postSolution
		{802EF8B2-24CB-41A8-B642-8C1F78EBB22E}.Debug|Any CPU.ActiveCfg = Debug|Any CPU
		{802EF8B2-24CB-41A8-B642-8C1F78EBB22E}.Debug|Any CPU.Build.0 = Debug|Any CPU
		{802EF8B2-24CB-41A8-B642-8C1F78EBB22E}.Release|Any CPU.ActiveCfg = Release|Any CPU
		{802EF8B2-24CB-41A8-B642-8C1F78EBB22E}.Release|Any CPU.Build.0 = Release|Any CPU
	EndGlobalSection
	GlobalSection(SolutionProperties) = preSolution
		HideSolutionNode = FALSE
	EndGlobalSection
	GlobalSection(ExtensibilityGlobals) = postSolution
		SolutionGuid = {AAA715AC-88A6-473F-BADF-00EE3A5AAB3F}
	EndGlobalSection
EndGlobal
